// !$*UTF8*$!
{
	archiveVersion = 1;
	classes = {
	};
	objectVersion = 55;
	objects = {

/* Begin PBXBuildFile section */
		98EBCE6F2862E1EA00EFFE51 /* LandmarksApp.swift in Sources */ = {isa = PBXBuildFile; fileRef = 98EBCE6E2862E1EA00EFFE51 /* LandmarksApp.swift */; };
		98EBCE712862E1EA00EFFE51 /* ContentView.swift in Sources */ = {isa = PBXBuildFile; fileRef = 98EBCE702862E1EA00EFFE51 /* ContentView.swift */; };
		98EBCE732862E1ED00EFFE51 /* Assets.xcassets in Resources */ = {isa = PBXBuildFile; fileRef = 98EBCE722862E1ED00EFFE51 /* Assets.xcassets */; };
		98EBCE762862E1ED00EFFE51 /* Preview Assets.xcassets in Resources */ = {isa = PBXBuildFile; fileRef = 98EBCE752862E1ED00EFFE51 /* Preview Assets.xcassets */; };
		98EBCE802862E1ED00EFFE51 /* LandmarksTests.swift in Sources */ = {isa = PBXBuildFile; fileRef = 98EBCE7F2862E1ED00EFFE51 /* LandmarksTests.swift */; };
		98EBCE8A2862E1ED00EFFE51 /* LandmarksUITests.swift in Sources */ = {isa = PBXBuildFile; fileRef = 98EBCE892862E1ED00EFFE51 /* LandmarksUITests.swift */; };
		98EBCE8C2862E1ED00EFFE51 /* LandmarksUITestsLaunchTests.swift in Sources */ = {isa = PBXBuildFile; fileRef = 98EBCE8B2862E1ED00EFFE51 /* LandmarksUITestsLaunchTests.swift */; };
		98EBCE9B2863C2BD00EFFE51 /* CircleImage.swift in Sources */ = {isa = PBXBuildFile; fileRef = 98EBCE9A2863C2BD00EFFE51 /* CircleImage.swift */; };
		98EBCE9D2863C3D700EFFE51 /* MapView.swift in Sources */ = {isa = PBXBuildFile; fileRef = 98EBCE9C2863C3D700EFFE51 /* MapView.swift */; };
		98EBCE9F2863CA3000EFFE51 /* landmarkData.json in Resources */ = {isa = PBXBuildFile; fileRef = 98EBCE9E2863CA3000EFFE51 /* landmarkData.json */; };
		98EBCEA12863CA7F00EFFE51 /* Landmark.swift in Sources */ = {isa = PBXBuildFile; fileRef = 98EBCEA02863CA7F00EFFE51 /* Landmark.swift */; };
		98EBCEA32863CFCE00EFFE51 /* ModelData.swift in Sources */ = {isa = PBXBuildFile; fileRef = 98EBCEA22863CFCE00EFFE51 /* ModelData.swift */; };
		98EBCEA92863D2F800EFFE51 /* LandmarkRow.swift in Sources */ = {isa = PBXBuildFile; fileRef = 98EBCEA82863D2F800EFFE51 /* LandmarkRow.swift */; };
		98EBCEAB2863D73C00EFFE51 /* LandmarkList.swift in Sources */ = {isa = PBXBuildFile; fileRef = 98EBCEAA2863D73C00EFFE51 /* LandmarkList.swift */; };
		98EBCEAD2863D9C500EFFE51 /* LandmarkDetails.swift in Sources */ = {isa = PBXBuildFile; fileRef = 98EBCEAC2863D9C500EFFE51 /* LandmarkDetails.swift */; };
		98EBCEAF28655AF400EFFE51 /* FavoriteButton.swift in Sources */ = {isa = PBXBuildFile; fileRef = 98EBCEAE28655AF400EFFE51 /* FavoriteButton.swift */; };
		98EBCEB3286BBAC600EFFE51 /* HexagonParameters.swift in Sources */ = {isa = PBXBuildFile; fileRef = 98EBCEB2286BBAC600EFFE51 /* HexagonParameters.swift */; };
		98EBCEB5286BBC3200EFFE51 /* BadgeBackground.swift in Sources */ = {isa = PBXBuildFile; fileRef = 98EBCEB4286BBC3200EFFE51 /* BadgeBackground.swift */; };
		98EBCEB7286BC42900EFFE51 /* BadgeSymbol.swift in Sources */ = {isa = PBXBuildFile; fileRef = 98EBCEB6286BC42900EFFE51 /* BadgeSymbol.swift */; };
		98EBCEB9286BC59500EFFE51 /* RotatedBadgeSymbol.swift in Sources */ = {isa = PBXBuildFile; fileRef = 98EBCEB8286BC59500EFFE51 /* RotatedBadgeSymbol.swift */; };
		98EBCEBB286BC65A00EFFE51 /* Badge.swift in Sources */ = {isa = PBXBuildFile; fileRef = 98EBCEBA286BC65A00EFFE51 /* Badge.swift */; };
		98EBCEBE286D29DD00EFFE51 /* hikeData.json in Resources */ = {isa = PBXBuildFile; fileRef = 98EBCEBD286D29DD00EFFE51 /* hikeData.json */; };
		98EBCEC0286D2A1300EFFE51 /* Hike.swift in Sources */ = {isa = PBXBuildFile; fileRef = 98EBCEBF286D2A1300EFFE51 /* Hike.swift */; };
		98EBCEC6286D2A9B00EFFE51 /* GraphCapsule.swift in Sources */ = {isa = PBXBuildFile; fileRef = 98EBCEC2286D2A9B00EFFE51 /* GraphCapsule.swift */; };
		98EBCEC7286D2A9B00EFFE51 /* HikeGraph.swift in Sources */ = {isa = PBXBuildFile; fileRef = 98EBCEC3286D2A9B00EFFE51 /* HikeGraph.swift */; };
		98EBCEC8286D2A9B00EFFE51 /* HikeDetail.swift in Sources */ = {isa = PBXBuildFile; fileRef = 98EBCEC4286D2A9B00EFFE51 /* HikeDetail.swift */; };
		98EBCEC9286D2A9B00EFFE51 /* HikeView.swift in Sources */ = {isa = PBXBuildFile; fileRef = 98EBCEC5286D2A9B00EFFE51 /* HikeView.swift */; };
		98EBCECB286D2FD600EFFE51 /* CategoryHome.swift in Sources */ = {isa = PBXBuildFile; fileRef = 98EBCECA286D2FD600EFFE51 /* CategoryHome.swift */; };
		98EBCECE286D329F00EFFE51 /* CategoryRow.swift in Sources */ = {isa = PBXBuildFile; fileRef = 98EBCECD286D329F00EFFE51 /* CategoryRow.swift */; };
		98EBCED02870E64000EFFE51 /* CategoryItem.swift in Sources */ = {isa = PBXBuildFile; fileRef = 98EBCECF2870E64000EFFE51 /* CategoryItem.swift */; };
		98EBCED22875F7D100EFFE51 /* Profile.swift in Sources */ = {isa = PBXBuildFile; fileRef = 98EBCED12875F7D100EFFE51 /* Profile.swift */; };
		98EBCED52875F98700EFFE51 /* ProfileHost.swift in Sources */ = {isa = PBXBuildFile; fileRef = 98EBCED42875F98700EFFE51 /* ProfileHost.swift */; };
		98EBCED72877B29200EFFE51 /* ProfileSummary.swift in Sources */ = {isa = PBXBuildFile; fileRef = 98EBCED62877B29200EFFE51 /* ProfileSummary.swift */; };
		98EBCED92877B96600EFFE51 /* HikeBadge.swift in Sources */ = {isa = PBXBuildFile; fileRef = 98EBCED82877B96600EFFE51 /* HikeBadge.swift */; };
		98EBCEDB2877C62100EFFE51 /* ProfileEditor.swift in Sources */ = {isa = PBXBuildFile; fileRef = 98EBCEDA2877C62100EFFE51 /* ProfileEditor.swift */; };
		98EBCEDE287E50D400EFFE51 /* PageViewController.swift in Sources */ = {isa = PBXBuildFile; fileRef = 98EBCEDD287E50D400EFFE51 /* PageViewController.swift */; };
		98EBCEE0287E534400EFFE51 /* FeatureCard.swift in Sources */ = {isa = PBXBuildFile; fileRef = 98EBCEDF287E534400EFFE51 /* FeatureCard.swift */; };
		98EBCEE2287E54FF00EFFE51 /* PageView.swift in Sources */ = {isa = PBXBuildFile; fileRef = 98EBCEE1287E54FF00EFFE51 /* PageView.swift */; };
		98EBCEE4287E608F00EFFE51 /* PageControl.swift in Sources */ = {isa = PBXBuildFile; fileRef = 98EBCEE3287E608F00EFFE51 /* PageControl.swift */; };
/* End PBXBuildFile section */

/* Begin PBXContainerItemProxy section */
		98EBCE7C2862E1ED00EFFE51 /* PBXContainerItemProxy */ = {
			isa = PBXContainerItemProxy;
			containerPortal = 98EBCE632862E1EA00EFFE51 /* Project object */;
			proxyType = 1;
			remoteGlobalIDString = 98EBCE6A2862E1EA00EFFE51;
			remoteInfo = Landmarks;
		};
		98EBCE862862E1ED00EFFE51 /* PBXContainerItemProxy */ = {
			isa = PBXContainerItemProxy;
			containerPortal = 98EBCE632862E1EA00EFFE51 /* Project object */;
			proxyType = 1;
			remoteGlobalIDString = 98EBCE6A2862E1EA00EFFE51;
			remoteInfo = Landmarks;
		};
/* End PBXContainerItemProxy section */

/* Begin PBXFileReference section */
		98EBCE6B2862E1EA00EFFE51 /* Landmarks.app */ = {isa = PBXFileReference; explicitFileType = wrapper.application; includeInIndex = 0; path = Landmarks.app; sourceTree = BUILT_PRODUCTS_DIR; };
		98EBCE6E2862E1EA00EFFE51 /* LandmarksApp.swift */ = {isa = PBXFileReference; lastKnownFileType = sourcecode.swift; path = LandmarksApp.swift; sourceTree = "<group>"; };
		98EBCE702862E1EA00EFFE51 /* ContentView.swift */ = {isa = PBXFileReference; lastKnownFileType = sourcecode.swift; path = ContentView.swift; sourceTree = "<group>"; };
		98EBCE722862E1ED00EFFE51 /* Assets.xcassets */ = {isa = PBXFileReference; lastKnownFileType = folder.assetcatalog; path = Assets.xcassets; sourceTree = "<group>"; };
		98EBCE752862E1ED00EFFE51 /* Preview Assets.xcassets */ = {isa = PBXFileReference; lastKnownFileType = folder.assetcatalog; path = "Preview Assets.xcassets"; sourceTree = "<group>"; };
		98EBCE7B2862E1ED00EFFE51 /* LandmarksTests.xctest */ = {isa = PBXFileReference; explicitFileType = wrapper.cfbundle; includeInIndex = 0; path = LandmarksTests.xctest; sourceTree = BUILT_PRODUCTS_DIR; };
		98EBCE7F2862E1ED00EFFE51 /* LandmarksTests.swift */ = {isa = PBXFileReference; lastKnownFileType = sourcecode.swift; path = LandmarksTests.swift; sourceTree = "<group>"; };
		98EBCE852862E1ED00EFFE51 /* LandmarksUITests.xctest */ = {isa = PBXFileReference; explicitFileType = wrapper.cfbundle; includeInIndex = 0; path = LandmarksUITests.xctest; sourceTree = BUILT_PRODUCTS_DIR; };
		98EBCE892862E1ED00EFFE51 /* LandmarksUITests.swift */ = {isa = PBXFileReference; lastKnownFileType = sourcecode.swift; path = LandmarksUITests.swift; sourceTree = "<group>"; };
		98EBCE8B2862E1ED00EFFE51 /* LandmarksUITestsLaunchTests.swift */ = {isa = PBXFileReference; lastKnownFileType = sourcecode.swift; path = LandmarksUITestsLaunchTests.swift; sourceTree = "<group>"; };
		98EBCE9A2863C2BD00EFFE51 /* CircleImage.swift */ = {isa = PBXFileReference; lastKnownFileType = sourcecode.swift; path = CircleImage.swift; sourceTree = "<group>"; };
		98EBCE9C2863C3D700EFFE51 /* MapView.swift */ = {isa = PBXFileReference; lastKnownFileType = sourcecode.swift; path = MapView.swift; sourceTree = "<group>"; };
		98EBCE9E2863CA3000EFFE51 /* landmarkData.json */ = {isa = PBXFileReference; fileEncoding = 4; lastKnownFileType = text.json; path = landmarkData.json; sourceTree = "<group>"; };
		98EBCEA02863CA7F00EFFE51 /* Landmark.swift */ = {isa = PBXFileReference; lastKnownFileType = sourcecode.swift; path = Landmark.swift; sourceTree = "<group>"; };
		98EBCEA22863CFCE00EFFE51 /* ModelData.swift */ = {isa = PBXFileReference; lastKnownFileType = sourcecode.swift; path = ModelData.swift; sourceTree = "<group>"; };
		98EBCEA82863D2F800EFFE51 /* LandmarkRow.swift */ = {isa = PBXFileReference; lastKnownFileType = sourcecode.swift; path = LandmarkRow.swift; sourceTree = "<group>"; };
		98EBCEAA2863D73C00EFFE51 /* LandmarkList.swift */ = {isa = PBXFileReference; lastKnownFileType = sourcecode.swift; path = LandmarkList.swift; sourceTree = "<group>"; };
		98EBCEAC2863D9C500EFFE51 /* LandmarkDetails.swift */ = {isa = PBXFileReference; lastKnownFileType = sourcecode.swift; path = LandmarkDetails.swift; sourceTree = "<group>"; };
		98EBCEAE28655AF400EFFE51 /* FavoriteButton.swift */ = {isa = PBXFileReference; lastKnownFileType = sourcecode.swift; path = FavoriteButton.swift; sourceTree = "<group>"; };
		98EBCEB2286BBAC600EFFE51 /* HexagonParameters.swift */ = {isa = PBXFileReference; lastKnownFileType = sourcecode.swift; path = HexagonParameters.swift; sourceTree = "<group>"; };
		98EBCEB4286BBC3200EFFE51 /* BadgeBackground.swift */ = {isa = PBXFileReference; lastKnownFileType = sourcecode.swift; path = BadgeBackground.swift; sourceTree = "<group>"; };
		98EBCEB6286BC42900EFFE51 /* BadgeSymbol.swift */ = {isa = PBXFileReference; lastKnownFileType = sourcecode.swift; path = BadgeSymbol.swift; sourceTree = "<group>"; };
		98EBCEB8286BC59500EFFE51 /* RotatedBadgeSymbol.swift */ = {isa = PBXFileReference; lastKnownFileType = sourcecode.swift; path = RotatedBadgeSymbol.swift; sourceTree = "<group>"; };
		98EBCEBA286BC65A00EFFE51 /* Badge.swift */ = {isa = PBXFileReference; lastKnownFileType = sourcecode.swift; path = Badge.swift; sourceTree = "<group>"; };
		98EBCEBD286D29DD00EFFE51 /* hikeData.json */ = {isa = PBXFileReference; fileEncoding = 4; lastKnownFileType = text.json; path = hikeData.json; sourceTree = "<group>"; };
		98EBCEBF286D2A1300EFFE51 /* Hike.swift */ = {isa = PBXFileReference; lastKnownFileType = sourcecode.swift; path = Hike.swift; sourceTree = "<group>"; };
		98EBCEC2286D2A9B00EFFE51 /* GraphCapsule.swift */ = {isa = PBXFileReference; fileEncoding = 4; lastKnownFileType = sourcecode.swift; path = GraphCapsule.swift; sourceTree = "<group>"; };
		98EBCEC3286D2A9B00EFFE51 /* HikeGraph.swift */ = {isa = PBXFileReference; fileEncoding = 4; lastKnownFileType = sourcecode.swift; path = HikeGraph.swift; sourceTree = "<group>"; };
		98EBCEC4286D2A9B00EFFE51 /* HikeDetail.swift */ = {isa = PBXFileReference; fileEncoding = 4; lastKnownFileType = sourcecode.swift; path = HikeDetail.swift; sourceTree = "<group>"; };
		98EBCEC5286D2A9B00EFFE51 /* HikeView.swift */ = {isa = PBXFileReference; fileEncoding = 4; lastKnownFileType = sourcecode.swift; path = HikeView.swift; sourceTree = "<group>"; };
		98EBCECA286D2FD600EFFE51 /* CategoryHome.swift */ = {isa = PBXFileReference; lastKnownFileType = sourcecode.swift; path = CategoryHome.swift; sourceTree = "<group>"; };
		98EBCECD286D329F00EFFE51 /* CategoryRow.swift */ = {isa = PBXFileReference; lastKnownFileType = sourcecode.swift; path = CategoryRow.swift; sourceTree = "<group>"; };
		98EBCECF2870E64000EFFE51 /* CategoryItem.swift */ = {isa = PBXFileReference; lastKnownFileType = sourcecode.swift; path = CategoryItem.swift; sourceTree = "<group>"; };
		98EBCED12875F7D100EFFE51 /* Profile.swift */ = {isa = PBXFileReference; lastKnownFileType = sourcecode.swift; path = Profile.swift; sourceTree = "<group>"; };
		98EBCED42875F98700EFFE51 /* ProfileHost.swift */ = {isa = PBXFileReference; lastKnownFileType = sourcecode.swift; path = ProfileHost.swift; sourceTree = "<group>"; };
		98EBCED62877B29200EFFE51 /* ProfileSummary.swift */ = {isa = PBXFileReference; lastKnownFileType = sourcecode.swift; path = ProfileSummary.swift; sourceTree = "<group>"; };
		98EBCED82877B96600EFFE51 /* HikeBadge.swift */ = {isa = PBXFileReference; lastKnownFileType = sourcecode.swift; path = HikeBadge.swift; sourceTree = "<group>"; };
		98EBCEDA2877C62100EFFE51 /* ProfileEditor.swift */ = {isa = PBXFileReference; lastKnownFileType = sourcecode.swift; path = ProfileEditor.swift; sourceTree = "<group>"; };
		98EBCEDD287E50D400EFFE51 /* PageViewController.swift */ = {isa = PBXFileReference; lastKnownFileType = sourcecode.swift; path = PageViewController.swift; sourceTree = "<group>"; };
		98EBCEDF287E534400EFFE51 /* FeatureCard.swift */ = {isa = PBXFileReference; lastKnownFileType = sourcecode.swift; path = FeatureCard.swift; sourceTree = "<group>"; };
		98EBCEE1287E54FF00EFFE51 /* PageView.swift */ = {isa = PBXFileReference; lastKnownFileType = sourcecode.swift; path = PageView.swift; sourceTree = "<group>"; };
		98EBCEE3287E608F00EFFE51 /* PageControl.swift */ = {isa = PBXFileReference; lastKnownFileType = sourcecode.swift; path = PageControl.swift; sourceTree = "<group>"; };
/* End PBXFileReference section */

/* Begin PBXFrameworksBuildPhase section */
		98EBCE682862E1EA00EFFE51 /* Frameworks */ = {
			isa = PBXFrameworksBuildPhase;
			buildActionMask = 2147483647;
			files = (
			);
			runOnlyForDeploymentPostprocessing = 0;
		};
		98EBCE782862E1ED00EFFE51 /* Frameworks */ = {
			isa = PBXFrameworksBuildPhase;
			buildActionMask = 2147483647;
			files = (
			);
			runOnlyForDeploymentPostprocessing = 0;
		};
		98EBCE822862E1ED00EFFE51 /* Frameworks */ = {
			isa = PBXFrameworksBuildPhase;
			buildActionMask = 2147483647;
			files = (
			);
			runOnlyForDeploymentPostprocessing = 0;
		};
/* End PBXFrameworksBuildPhase section */

/* Begin PBXGroup section */
		98EBCE622862E1EA00EFFE51 = {
			isa = PBXGroup;
			children = (
				98EBCE6D2862E1EA00EFFE51 /* Landmarks */,
				98EBCE7E2862E1ED00EFFE51 /* LandmarksTests */,
				98EBCE882862E1ED00EFFE51 /* LandmarksUITests */,
				98EBCE6C2862E1EA00EFFE51 /* Products */,
			);
			sourceTree = "<group>";
		};
		98EBCE6C2862E1EA00EFFE51 /* Products */ = {
			isa = PBXGroup;
			children = (
				98EBCE6B2862E1EA00EFFE51 /* Landmarks.app */,
				98EBCE7B2862E1ED00EFFE51 /* LandmarksTests.xctest */,
				98EBCE852862E1ED00EFFE51 /* LandmarksUITests.xctest */,
			);
			name = Products;
			sourceTree = "<group>";
		};
		98EBCE6D2862E1EA00EFFE51 /* Landmarks */ = {
			isa = PBXGroup;
			children = (
				98EBCE6E2862E1EA00EFFE51 /* LandmarksApp.swift */,
				98EBCEBC286BC7B500EFFE51 /* Badges */,
				98EBCEA52863D18700EFFE51 /* Views */,
				98EBCE722862E1ED00EFFE51 /* Assets.xcassets */,
				98EBCEA62863D19600EFFE51 /* Model */,
				98EBCEA72863D1A300EFFE51 /* Resources */,
				98EBCE742862E1ED00EFFE51 /* Preview Content */,
			);
			path = Landmarks;
			sourceTree = "<group>";
		};
		98EBCE742862E1ED00EFFE51 /* Preview Content */ = {
			isa = PBXGroup;
			children = (
				98EBCE752862E1ED00EFFE51 /* Preview Assets.xcassets */,
			);
			path = "Preview Content";
			sourceTree = "<group>";
		};
		98EBCE7E2862E1ED00EFFE51 /* LandmarksTests */ = {
			isa = PBXGroup;
			children = (
				98EBCE7F2862E1ED00EFFE51 /* LandmarksTests.swift */,
			);
			path = LandmarksTests;
			sourceTree = "<group>";
		};
		98EBCE882862E1ED00EFFE51 /* LandmarksUITests */ = {
			isa = PBXGroup;
			children = (
				98EBCE892862E1ED00EFFE51 /* LandmarksUITests.swift */,
				98EBCE8B2862E1ED00EFFE51 /* LandmarksUITestsLaunchTests.swift */,
			);
			path = LandmarksUITests;
			sourceTree = "<group>";
		};
		98EBCEA52863D18700EFFE51 /* Views */ = {
			isa = PBXGroup;
			children = (
				98EBCEDC287E50AE00EFFE51 /* PageView */,
				98EBCED32875F96500EFFE51 /* Profiles */,
				98EBCEC1286D2A9B00EFFE51 /* Hikes */,
				98EBCEB028655BBE00EFFE51 /* Landmarks */,
				98EBCEB128655BD400EFFE51 /* Helpers */,
				98EBCECC286D2FDA00EFFE51 /* Categories */,
			);
			path = Views;
			sourceTree = "<group>";
		};
		98EBCEA62863D19600EFFE51 /* Model */ = {
			isa = PBXGroup;
			children = (
				98EBCEA02863CA7F00EFFE51 /* Landmark.swift */,
				98EBCEA22863CFCE00EFFE51 /* ModelData.swift */,
				98EBCEBF286D2A1300EFFE51 /* Hike.swift */,
				98EBCED12875F7D100EFFE51 /* Profile.swift */,
			);
			path = Model;
			sourceTree = "<group>";
		};
		98EBCEA72863D1A300EFFE51 /* Resources */ = {
			isa = PBXGroup;
			children = (
				98EBCEBD286D29DD00EFFE51 /* hikeData.json */,
				98EBCE9E2863CA3000EFFE51 /* landmarkData.json */,
			);
			path = Resources;
			sourceTree = "<group>";
		};
		98EBCEB028655BBE00EFFE51 /* Landmarks */ = {
			isa = PBXGroup;
			children = (
				98EBCE702862E1EA00EFFE51 /* ContentView.swift */,
				98EBCEA82863D2F800EFFE51 /* LandmarkRow.swift */,
				98EBCEAA2863D73C00EFFE51 /* LandmarkList.swift */,
				98EBCEAC2863D9C500EFFE51 /* LandmarkDetails.swift */,
			);
			path = Landmarks;
			sourceTree = "<group>";
		};
		98EBCEB128655BD400EFFE51 /* Helpers */ = {
			isa = PBXGroup;
			children = (
				98EBCE9A2863C2BD00EFFE51 /* CircleImage.swift */,
				98EBCE9C2863C3D700EFFE51 /* MapView.swift */,
				98EBCEAE28655AF400EFFE51 /* FavoriteButton.swift */,
			);
			path = Helpers;
			sourceTree = "<group>";
		};
		98EBCEBC286BC7B500EFFE51 /* Badges */ = {
			isa = PBXGroup;
			children = (
				98EBCEB2286BBAC600EFFE51 /* HexagonParameters.swift */,
				98EBCEB4286BBC3200EFFE51 /* BadgeBackground.swift */,
				98EBCEB6286BC42900EFFE51 /* BadgeSymbol.swift */,
				98EBCEB8286BC59500EFFE51 /* RotatedBadgeSymbol.swift */,
				98EBCEBA286BC65A00EFFE51 /* Badge.swift */,
			);
			path = Badges;
			sourceTree = "<group>";
		};
		98EBCEC1286D2A9B00EFFE51 /* Hikes */ = {
			isa = PBXGroup;
			children = (
				98EBCEC2286D2A9B00EFFE51 /* GraphCapsule.swift */,
				98EBCEC3286D2A9B00EFFE51 /* HikeGraph.swift */,
				98EBCEC4286D2A9B00EFFE51 /* HikeDetail.swift */,
				98EBCEC5286D2A9B00EFFE51 /* HikeView.swift */,
				98EBCED82877B96600EFFE51 /* HikeBadge.swift */,
			);
			path = Hikes;
			sourceTree = "<group>";
		};
		98EBCECC286D2FDA00EFFE51 /* Categories */ = {
			isa = PBXGroup;
			children = (
				98EBCECA286D2FD600EFFE51 /* CategoryHome.swift */,
				98EBCECD286D329F00EFFE51 /* CategoryRow.swift */,
				98EBCECF2870E64000EFFE51 /* CategoryItem.swift */,
			);
			path = Categories;
			sourceTree = "<group>";
		};
		98EBCED32875F96500EFFE51 /* Profiles */ = {
			isa = PBXGroup;
			children = (
				98EBCED42875F98700EFFE51 /* ProfileHost.swift */,
				98EBCED62877B29200EFFE51 /* ProfileSummary.swift */,
				98EBCEDA2877C62100EFFE51 /* ProfileEditor.swift */,
			);
			path = Profiles;
			sourceTree = "<group>";
		};
		98EBCEDC287E50AE00EFFE51 /* PageView */ = {
			isa = PBXGroup;
			children = (
				98EBCEDD287E50D400EFFE51 /* PageViewController.swift */,
				98EBCEDF287E534400EFFE51 /* FeatureCard.swift */,
				98EBCEE1287E54FF00EFFE51 /* PageView.swift */,
				98EBCEE3287E608F00EFFE51 /* PageControl.swift */,
			);
			path = PageView;
			sourceTree = "<group>";
		};
/* End PBXGroup section */

/* Begin PBXNativeTarget section */
		98EBCE6A2862E1EA00EFFE51 /* Landmarks */ = {
			isa = PBXNativeTarget;
			buildConfigurationList = 98EBCE8F2862E1ED00EFFE51 /* Build configuration list for PBXNativeTarget "Landmarks" */;
			buildPhases = (
				98EBCE672862E1EA00EFFE51 /* Sources */,
				98EBCE682862E1EA00EFFE51 /* Frameworks */,
				98EBCE692862E1EA00EFFE51 /* Resources */,
			);
			buildRules = (
			);
			dependencies = (
			);
			name = Landmarks;
			productName = Landmarks;
			productReference = 98EBCE6B2862E1EA00EFFE51 /* Landmarks.app */;
			productType = "com.apple.product-type.application";
		};
		98EBCE7A2862E1ED00EFFE51 /* LandmarksTests */ = {
			isa = PBXNativeTarget;
			buildConfigurationList = 98EBCE922862E1ED00EFFE51 /* Build configuration list for PBXNativeTarget "LandmarksTests" */;
			buildPhases = (
				98EBCE772862E1ED00EFFE51 /* Sources */,
				98EBCE782862E1ED00EFFE51 /* Frameworks */,
				98EBCE792862E1ED00EFFE51 /* Resources */,
			);
			buildRules = (
			);
			dependencies = (
				98EBCE7D2862E1ED00EFFE51 /* PBXTargetDependency */,
			);
			name = LandmarksTests;
			productName = LandmarksTests;
			productReference = 98EBCE7B2862E1ED00EFFE51 /* LandmarksTests.xctest */;
			productType = "com.apple.product-type.bundle.unit-test";
		};
		98EBCE842862E1ED00EFFE51 /* LandmarksUITests */ = {
			isa = PBXNativeTarget;
			buildConfigurationList = 98EBCE952862E1ED00EFFE51 /* Build configuration list for PBXNativeTarget "LandmarksUITests" */;
			buildPhases = (
				98EBCE812862E1ED00EFFE51 /* Sources */,
				98EBCE822862E1ED00EFFE51 /* Frameworks */,
				98EBCE832862E1ED00EFFE51 /* Resources */,
			);
			buildRules = (
			);
			dependencies = (
				98EBCE872862E1ED00EFFE51 /* PBXTargetDependency */,
			);
			name = LandmarksUITests;
			productName = LandmarksUITests;
			productReference = 98EBCE852862E1ED00EFFE51 /* LandmarksUITests.xctest */;
			productType = "com.apple.product-type.bundle.ui-testing";
		};
/* End PBXNativeTarget section */

/* Begin PBXProject section */
		98EBCE632862E1EA00EFFE51 /* Project object */ = {
			isa = PBXProject;
			attributes = {
				BuildIndependentTargetsInParallel = 1;
				LastSwiftUpdateCheck = 1340;
				LastUpgradeCheck = 1340;
				TargetAttributes = {
					98EBCE6A2862E1EA00EFFE51 = {
						CreatedOnToolsVersion = 13.4.1;
					};
					98EBCE7A2862E1ED00EFFE51 = {
						CreatedOnToolsVersion = 13.4.1;
						TestTargetID = 98EBCE6A2862E1EA00EFFE51;
					};
					98EBCE842862E1ED00EFFE51 = {
						CreatedOnToolsVersion = 13.4.1;
						TestTargetID = 98EBCE6A2862E1EA00EFFE51;
					};
				};
			};
			buildConfigurationList = 98EBCE662862E1EA00EFFE51 /* Build configuration list for PBXProject "Landmarks" */;
			compatibilityVersion = "Xcode 13.0";
			developmentRegion = en;
			hasScannedForEncodings = 0;
			knownRegions = (
				en,
				Base,
			);
			mainGroup = 98EBCE622862E1EA00EFFE51;
			productRefGroup = 98EBCE6C2862E1EA00EFFE51 /* Products */;
			projectDirPath = "";
			projectRoot = "";
			targets = (
				98EBCE6A2862E1EA00EFFE51 /* Landmarks */,
				98EBCE7A2862E1ED00EFFE51 /* LandmarksTests */,
				98EBCE842862E1ED00EFFE51 /* LandmarksUITests */,
			);
		};
/* End PBXProject section */

/* Begin PBXResourcesBuildPhase section */
		98EBCE692862E1EA00EFFE51 /* Resources */ = {
			isa = PBXResourcesBuildPhase;
			buildActionMask = 2147483647;
			files = (
				98EBCEBE286D29DD00EFFE51 /* hikeData.json in Resources */,
				98EBCE762862E1ED00EFFE51 /* Preview Assets.xcassets in Resources */,
				98EBCE732862E1ED00EFFE51 /* Assets.xcassets in Resources */,
				98EBCE9F2863CA3000EFFE51 /* landmarkData.json in Resources */,
			);
			runOnlyForDeploymentPostprocessing = 0;
		};
		98EBCE792862E1ED00EFFE51 /* Resources */ = {
			isa = PBXResourcesBuildPhase;
			buildActionMask = 2147483647;
			files = (
			);
			runOnlyForDeploymentPostprocessing = 0;
		};
		98EBCE832862E1ED00EFFE51 /* Resources */ = {
			isa = PBXResourcesBuildPhase;
			buildActionMask = 2147483647;
			files = (
			);
			runOnlyForDeploymentPostprocessing = 0;
		};
/* End PBXResourcesBuildPhase section */

/* Begin PBXSourcesBuildPhase section */
		98EBCE672862E1EA00EFFE51 /* Sources */ = {
			isa = PBXSourcesBuildPhase;
			buildActionMask = 2147483647;
			files = (
				98EBCECE286D329F00EFFE51 /* CategoryRow.swift in Sources */,
				98EBCED22875F7D100EFFE51 /* Profile.swift in Sources */,
				98EBCE712862E1EA00EFFE51 /* ContentView.swift in Sources */,
				98EBCECB286D2FD600EFFE51 /* CategoryHome.swift in Sources */,
				98EBCEE0287E534400EFFE51 /* FeatureCard.swift in Sources */,
				98EBCEC7286D2A9B00EFFE51 /* HikeGraph.swift in Sources */,
				98EBCEBB286BC65A00EFFE51 /* Badge.swift in Sources */,
				98EBCE9D2863C3D700EFFE51 /* MapView.swift in Sources */,
				98EBCEC6286D2A9B00EFFE51 /* GraphCapsule.swift in Sources */,
				98EBCE6F2862E1EA00EFFE51 /* LandmarksApp.swift in Sources */,
				98EBCEE4287E608F00EFFE51 /* PageControl.swift in Sources */,
				98EBCEAF28655AF400EFFE51 /* FavoriteButton.swift in Sources */,
				98EBCED02870E64000EFFE51 /* CategoryItem.swift in Sources */,
				98EBCEC8286D2A9B00EFFE51 /* HikeDetail.swift in Sources */,
				98EBCED72877B29200EFFE51 /* ProfileSummary.swift in Sources */,
				98EBCEB3286BBAC600EFFE51 /* HexagonParameters.swift in Sources */,
				98EBCED52875F98700EFFE51 /* ProfileHost.swift in Sources */,
				98EBCEC0286D2A1300EFFE51 /* Hike.swift in Sources */,
				98EBCEB9286BC59500EFFE51 /* RotatedBadgeSymbol.swift in Sources */,
				98EBCEE2287E54FF00EFFE51 /* PageView.swift in Sources */,
				98EBCEB7286BC42900EFFE51 /* BadgeSymbol.swift in Sources */,
				98EBCEDB2877C62100EFFE51 /* ProfileEditor.swift in Sources */,
				98EBCEAB2863D73C00EFFE51 /* LandmarkList.swift in Sources */,
				98EBCEC9286D2A9B00EFFE51 /* HikeView.swift in Sources */,
				98EBCE9B2863C2BD00EFFE51 /* CircleImage.swift in Sources */,
				98EBCEDE287E50D400EFFE51 /* PageViewController.swift in Sources */,
				98EBCEB5286BBC3200EFFE51 /* BadgeBackground.swift in Sources */,
				98EBCED92877B96600EFFE51 /* HikeBadge.swift in Sources */,
				98EBCEA12863CA7F00EFFE51 /* Landmark.swift in Sources */,
				98EBCEA92863D2F800EFFE51 /* LandmarkRow.swift in Sources */,
				98EBCEA32863CFCE00EFFE51 /* ModelData.swift in Sources */,
				98EBCEAD2863D9C500EFFE51 /* LandmarkDetails.swift in Sources */,
			);
			runOnlyForDeploymentPostprocessing = 0;
		};
		98EBCE772862E1ED00EFFE51 /* Sources */ = {
			isa = PBXSourcesBuildPhase;
			buildActionMask = 2147483647;
			files = (
				98EBCE802862E1ED00EFFE51 /* LandmarksTests.swift in Sources */,
			);
			runOnlyForDeploymentPostprocessing = 0;
		};
		98EBCE812862E1ED00EFFE51 /* Sources */ = {
			isa = PBXSourcesBuildPhase;
			buildActionMask = 2147483647;
			files = (
				98EBCE8C2862E1ED00EFFE51 /* LandmarksUITestsLaunchTests.swift in Sources */,
				98EBCE8A2862E1ED00EFFE51 /* LandmarksUITests.swift in Sources */,
			);
			runOnlyForDeploymentPostprocessing = 0;
		};
/* End PBXSourcesBuildPhase section */

/* Begin PBXTargetDependency section */
		98EBCE7D2862E1ED00EFFE51 /* PBXTargetDependency */ = {
			isa = PBXTargetDependency;
			target = 98EBCE6A2862E1EA00EFFE51 /* Landmarks */;
			targetProxy = 98EBCE7C2862E1ED00EFFE51 /* PBXContainerItemProxy */;
		};
		98EBCE872862E1ED00EFFE51 /* PBXTargetDependency */ = {
			isa = PBXTargetDependency;
			target = 98EBCE6A2862E1EA00EFFE51 /* Landmarks */;
			targetProxy = 98EBCE862862E1ED00EFFE51 /* PBXContainerItemProxy */;
		};
/* End PBXTargetDependency section */

/* Begin XCBuildConfiguration section */
		98EBCE8D2862E1ED00EFFE51 /* Debug */ = {
			isa = XCBuildConfiguration;
			buildSettings = {
				ALWAYS_SEARCH_USER_PATHS = NO;
				CLANG_ANALYZER_NONNULL = YES;
				CLANG_ANALYZER_NUMBER_OBJECT_CONVERSION = YES_AGGRESSIVE;
				CLANG_CXX_LANGUAGE_STANDARD = "gnu++17";
				CLANG_ENABLE_MODULES = YES;
				CLANG_ENABLE_OBJC_ARC = YES;
				CLANG_ENABLE_OBJC_WEAK = YES;
				CLANG_WARN_BLOCK_CAPTURE_AUTORELEASING = YES;
				CLANG_WARN_BOOL_CONVERSION = YES;
				CLANG_WARN_COMMA = YES;
				CLANG_WARN_CONSTANT_CONVERSION = YES;
				CLANG_WARN_DEPRECATED_OBJC_IMPLEMENTATIONS = YES;
				CLANG_WARN_DIRECT_OBJC_ISA_USAGE = YES_ERROR;
				CLANG_WARN_DOCUMENTATION_COMMENTS = YES;
				CLANG_WARN_EMPTY_BODY = YES;
				CLANG_WARN_ENUM_CONVERSION = YES;
				CLANG_WARN_INFINITE_RECURSION = YES;
				CLANG_WARN_INT_CONVERSION = YES;
				CLANG_WARN_NON_LITERAL_NULL_CONVERSION = YES;
				CLANG_WARN_OBJC_IMPLICIT_RETAIN_SELF = YES;
				CLANG_WARN_OBJC_LITERAL_CONVERSION = YES;
				CLANG_WARN_OBJC_ROOT_CLASS = YES_ERROR;
				CLANG_WARN_QUOTED_INCLUDE_IN_FRAMEWORK_HEADER = YES;
				CLANG_WARN_RANGE_LOOP_ANALYSIS = YES;
				CLANG_WARN_STRICT_PROTOTYPES = YES;
				CLANG_WARN_SUSPICIOUS_MOVE = YES;
				CLANG_WARN_UNGUARDED_AVAILABILITY = YES_AGGRESSIVE;
				CLANG_WARN_UNREACHABLE_CODE = YES;
				CLANG_WARN__DUPLICATE_METHOD_MATCH = YES;
				COPY_PHASE_STRIP = NO;
				DEBUG_INFORMATION_FORMAT = dwarf;
				ENABLE_STRICT_OBJC_MSGSEND = YES;
				ENABLE_TESTABILITY = YES;
				GCC_C_LANGUAGE_STANDARD = gnu11;
				GCC_DYNAMIC_NO_PIC = NO;
				GCC_NO_COMMON_BLOCKS = YES;
				GCC_OPTIMIZATION_LEVEL = 0;
				GCC_PREPROCESSOR_DEFINITIONS = (
					"DEBUG=1",
					"$(inherited)",
				);
				GCC_WARN_64_TO_32_BIT_CONVERSION = YES;
				GCC_WARN_ABOUT_RETURN_TYPE = YES_ERROR;
				GCC_WARN_UNDECLARED_SELECTOR = YES;
				GCC_WARN_UNINITIALIZED_AUTOS = YES_AGGRESSIVE;
				GCC_WARN_UNUSED_FUNCTION = YES;
				GCC_WARN_UNUSED_VARIABLE = YES;
				IPHONEOS_DEPLOYMENT_TARGET = 15.5;
				MTL_ENABLE_DEBUG_INFO = INCLUDE_SOURCE;
				MTL_FAST_MATH = YES;
				ONLY_ACTIVE_ARCH = YES;
				SDKROOT = iphoneos;
				SWIFT_ACTIVE_COMPILATION_CONDITIONS = DEBUG;
				SWIFT_OPTIMIZATION_LEVEL = "-Onone";
			};
			name = Debug;
		};
		98EBCE8E2862E1ED00EFFE51 /* Release */ = {
			isa = XCBuildConfiguration;
			buildSettings = {
				ALWAYS_SEARCH_USER_PATHS = NO;
				CLANG_ANALYZER_NONNULL = YES;
				CLANG_ANALYZER_NUMBER_OBJECT_CONVERSION = YES_AGGRESSIVE;
				CLANG_CXX_LANGUAGE_STANDARD = "gnu++17";
				CLANG_ENABLE_MODULES = YES;
				CLANG_ENABLE_OBJC_ARC = YES;
				CLANG_ENABLE_OBJC_WEAK = YES;
				CLANG_WARN_BLOCK_CAPTURE_AUTORELEASING = YES;
				CLANG_WARN_BOOL_CONVERSION = YES;
				CLANG_WARN_COMMA = YES;
				CLANG_WARN_CONSTANT_CONVERSION = YES;
				CLANG_WARN_DEPRECATED_OBJC_IMPLEMENTATIONS = YES;
				CLANG_WARN_DIRECT_OBJC_ISA_USAGE = YES_ERROR;
				CLANG_WARN_DOCUMENTATION_COMMENTS = YES;
				CLANG_WARN_EMPTY_BODY = YES;
				CLANG_WARN_ENUM_CONVERSION = YES;
				CLANG_WARN_INFINITE_RECURSION = YES;
				CLANG_WARN_INT_CONVERSION = YES;
				CLANG_WARN_NON_LITERAL_NULL_CONVERSION = YES;
				CLANG_WARN_OBJC_IMPLICIT_RETAIN_SELF = YES;
				CLANG_WARN_OBJC_LITERAL_CONVERSION = YES;
				CLANG_WARN_OBJC_ROOT_CLASS = YES_ERROR;
				CLANG_WARN_QUOTED_INCLUDE_IN_FRAMEWORK_HEADER = YES;
				CLANG_WARN_RANGE_LOOP_ANALYSIS = YES;
				CLANG_WARN_STRICT_PROTOTYPES = YES;
				CLANG_WARN_SUSPICIOUS_MOVE = YES;
				CLANG_WARN_UNGUARDED_AVAILABILITY = YES_AGGRESSIVE;
				CLANG_WARN_UNREACHABLE_CODE = YES;
				CLANG_WARN__DUPLICATE_METHOD_MATCH = YES;
				COPY_PHASE_STRIP = NO;
				DEBUG_INFORMATION_FORMAT = "dwarf-with-dsym";
				ENABLE_NS_ASSERTIONS = NO;
				ENABLE_STRICT_OBJC_MSGSEND = YES;
				GCC_C_LANGUAGE_STANDARD = gnu11;
				GCC_NO_COMMON_BLOCKS = YES;
				GCC_WARN_64_TO_32_BIT_CONVERSION = YES;
				GCC_WARN_ABOUT_RETURN_TYPE = YES_ERROR;
				GCC_WARN_UNDECLARED_SELECTOR = YES;
				GCC_WARN_UNINITIALIZED_AUTOS = YES_AGGRESSIVE;
				GCC_WARN_UNUSED_FUNCTION = YES;
				GCC_WARN_UNUSED_VARIABLE = YES;
				IPHONEOS_DEPLOYMENT_TARGET = 15.5;
				MTL_ENABLE_DEBUG_INFO = NO;
				MTL_FAST_MATH = YES;
				SDKROOT = iphoneos;
				SWIFT_COMPILATION_MODE = wholemodule;
				SWIFT_OPTIMIZATION_LEVEL = "-O";
				VALIDATE_PRODUCT = YES;
			};
			name = Release;
		};
		98EBCE902862E1ED00EFFE51 /* Debug */ = {
			isa = XCBuildConfiguration;
			buildSettings = {
				ASSETCATALOG_COMPILER_APPICON_NAME = AppIcon;
				ASSETCATALOG_COMPILER_GLOBAL_ACCENT_COLOR_NAME = AccentColor;
				CODE_SIGN_STYLE = Automatic;
				CURRENT_PROJECT_VERSION = 1;
				DEVELOPMENT_ASSET_PATHS = "\"Landmarks/Preview Content\"";
				ENABLE_PREVIEWS = YES;
				GENERATE_INFOPLIST_FILE = YES;
				INFOPLIST_KEY_UIApplicationSceneManifest_Generation = YES;
				INFOPLIST_KEY_UIApplicationSupportsIndirectInputEvents = YES;
				INFOPLIST_KEY_UILaunchScreen_Generation = YES;
				INFOPLIST_KEY_UISupportedInterfaceOrientations_iPad = "UIInterfaceOrientationPortrait UIInterfaceOrientationPortraitUpsideDown UIInterfaceOrientationLandscapeLeft UIInterfaceOrientationLandscapeRight";
				INFOPLIST_KEY_UISupportedInterfaceOrientations_iPhone = "UIInterfaceOrientationPortrait UIInterfaceOrientationLandscapeLeft UIInterfaceOrientationLandscapeRight";
				LD_RUNPATH_SEARCH_PATHS = (
					"$(inherited)",
					"@executable_path/Frameworks",
				);
				MARKETING_VERSION = 1.0;
				PRODUCT_BUNDLE_IDENTIFIER = "com.example.apple-samplecode.Landmarks";
				PRODUCT_NAME = "$(TARGET_NAME)";
				SWIFT_EMIT_LOC_STRINGS = YES;
				SWIFT_VERSION = 5.0;
				TARGETED_DEVICE_FAMILY = "1,2";
			};
			name = Debug;
		};
		98EBCE912862E1ED00EFFE51 /* Release */ = {
			isa = XCBuildConfiguration;
			buildSettings = {
				ASSETCATALOG_COMPILER_APPICON_NAME = AppIcon;
				ASSETCATALOG_COMPILER_GLOBAL_ACCENT_COLOR_NAME = AccentColor;
				CODE_SIGN_STYLE = Automatic;
				CURRENT_PROJECT_VERSION = 1;
				DEVELOPMENT_ASSET_PATHS = "\"Landmarks/Preview Content\"";
				ENABLE_PREVIEWS = YES;
				GENERATE_INFOPLIST_FILE = YES;
				INFOPLIST_KEY_UIApplicationSceneManifest_Generation = YES;
				INFOPLIST_KEY_UIApplicationSupportsIndirectInputEvents = YES;
				INFOPLIST_KEY_UILaunchScreen_Generation = YES;
				INFOPLIST_KEY_UISupportedInterfaceOrientations_iPad = "UIInterfaceOrientationPortrait UIInterfaceOrientationPortraitUpsideDown UIInterfaceOrientationLandscapeLeft UIInterfaceOrientationLandscapeRight";
				INFOPLIST_KEY_UISupportedInterfaceOrientations_iPhone = "UIInterfaceOrientationPortrait UIInterfaceOrientationLandscapeLeft UIInterfaceOrientationLandscapeRight";
				LD_RUNPATH_SEARCH_PATHS = (
					"$(inherited)",
					"@executable_path/Frameworks",
				);
				MARKETING_VERSION = 1.0;
				PRODUCT_BUNDLE_IDENTIFIER = "com.example.apple-samplecode.Landmarks";
				PRODUCT_NAME = "$(TARGET_NAME)";
				SWIFT_EMIT_LOC_STRINGS = YES;
				SWIFT_VERSION = 5.0;
				TARGETED_DEVICE_FAMILY = "1,2";
			};
			name = Release;
		};
		98EBCE932862E1ED00EFFE51 /* Debug */ = {
			isa = XCBuildConfiguration;
			buildSettings = {
				ALWAYS_EMBED_SWIFT_STANDARD_LIBRARIES = YES;
				BUNDLE_LOADER = "$(TEST_HOST)";
				CODE_SIGN_STYLE = Automatic;
				CURRENT_PROJECT_VERSION = 1;
				GENERATE_INFOPLIST_FILE = YES;
				IPHONEOS_DEPLOYMENT_TARGET = 15.5;
				MARKETING_VERSION = 1.0;
				PRODUCT_BUNDLE_IDENTIFIER = "com.example.apple-samplecode.LandmarksTests";
				PRODUCT_NAME = "$(TARGET_NAME)";
				SWIFT_EMIT_LOC_STRINGS = NO;
				SWIFT_VERSION = 5.0;
				TARGETED_DEVICE_FAMILY = "1,2";
				TEST_HOST = "$(BUILT_PRODUCTS_DIR)/Landmarks.app/Landmarks";
			};
			name = Debug;
		};
		98EBCE942862E1ED00EFFE51 /* Release */ = {
			isa = XCBuildConfiguration;
			buildSettings = {
				ALWAYS_EMBED_SWIFT_STANDARD_LIBRARIES = YES;
				BUNDLE_LOADER = "$(TEST_HOST)";
				CODE_SIGN_STYLE = Automatic;
				CURRENT_PROJECT_VERSION = 1;
				GENERATE_INFOPLIST_FILE = YES;
				IPHONEOS_DEPLOYMENT_TARGET = 15.5;
				MARKETING_VERSION = 1.0;
				PRODUCT_BUNDLE_IDENTIFIER = "com.example.apple-samplecode.LandmarksTests";
				PRODUCT_NAME = "$(TARGET_NAME)";
				SWIFT_EMIT_LOC_STRINGS = NO;
				SWIFT_VERSION = 5.0;
				TARGETED_DEVICE_FAMILY = "1,2";
				TEST_HOST = "$(BUILT_PRODUCTS_DIR)/Landmarks.app/Landmarks";
			};
			name = Release;
		};
		98EBCE962862E1ED00EFFE51 /* Debug */ = {
			isa = XCBuildConfiguration;
			buildSettings = {
				ALWAYS_EMBED_SWIFT_STANDARD_LIBRARIES = YES;
				CODE_SIGN_STYLE = Automatic;
				CURRENT_PROJECT_VERSION = 1;
				GENERATE_INFOPLIST_FILE = YES;
				MARKETING_VERSION = 1.0;
				PRODUCT_BUNDLE_IDENTIFIER = "com.example.apple-samplecode.LandmarksUITests";
				PRODUCT_NAME = "$(TARGET_NAME)";
				SWIFT_EMIT_LOC_STRINGS = NO;
				SWIFT_VERSION = 5.0;
				TARGETED_DEVICE_FAMILY = "1,2";
				TEST_TARGET_NAME = Landmarks;
			};
			name = Debug;
		};
		98EBCE972862E1ED00EFFE51 /* Release */ = {
			isa = XCBuildConfiguration;
			buildSettings = {
				ALWAYS_EMBED_SWIFT_STANDARD_LIBRARIES = YES;
				CODE_SIGN_STYLE = Automatic;
				CURRENT_PROJECT_VERSION = 1;
				GENERATE_INFOPLIST_FILE = YES;
				MARKETING_VERSION = 1.0;
				PRODUCT_BUNDLE_IDENTIFIER = "com.example.apple-samplecode.LandmarksUITests";
				PRODUCT_NAME = "$(TARGET_NAME)";
				SWIFT_EMIT_LOC_STRINGS = NO;
				SWIFT_VERSION = 5.0;
				TARGETED_DEVICE_FAMILY = "1,2";
				TEST_TARGET_NAME = Landmarks;
			};
			name = Release;
		};
/* End XCBuildConfiguration section */

/* Begin XCConfigurationList section */
		98EBCE662862E1EA00EFFE51 /* Build configuration list for PBXProject "Landmarks" */ = {
			isa = XCConfigurationList;
			buildConfigurations = (
				98EBCE8D2862E1ED00EFFE51 /* Debug */,
				98EBCE8E2862E1ED00EFFE51 /* Release */,
			);
			defaultConfigurationIsVisible = 0;
			defaultConfigurationName = Release;
		};
		98EBCE8F2862E1ED00EFFE51 /* Build configuration list for PBXNativeTarget "Landmarks" */ = {
			isa = XCConfigurationList;
			buildConfigurations = (
				98EBCE902862E1ED00EFFE51 /* Debug */,
				98EBCE912862E1ED00EFFE51 /* Release */,
			);
			defaultConfigurationIsVisible = 0;
			defaultConfigurationName = Release;
		};
		98EBCE922862E1ED00EFFE51 /* Build configuration list for PBXNativeTarget "LandmarksTests" */ = {
			isa = XCConfigurationList;
			buildConfigurations = (
				98EBCE932862E1ED00EFFE51 /* Debug */,
				98EBCE942862E1ED00EFFE51 /* Release */,
			);
			defaultConfigurationIsVisible = 0;
			defaultConfigurationName = Release;
		};
		98EBCE952862E1ED00EFFE51 /* Build configuration list for PBXNativeTarget "LandmarksUITests" */ = {
			isa = XCConfigurationList;
			buildConfigurations = (
				98EBCE962862E1ED00EFFE51 /* Debug */,
				98EBCE972862E1ED00EFFE51 /* Release */,
			);
			defaultConfigurationIsVisible = 0;
			defaultConfigurationName = Release;
		};
/* End XCConfigurationList section */
	};
	rootObject = 98EBCE632862E1EA00EFFE51 /* Project object */;
}
